
Microsoft Visual Studio Solution File, Format Version 12.00
# Visual Studio Version 17
VisualStudioVersion = 17.2.32616.157
MinimumVisualStudioVersion = 10.0.40219.1
Project("{FAE04EC0-301F-11D3-BF4B-00C04F79EFBC}") = "ToDoApp", "ToDoApp\ToDoApp.csproj", "{FC7E3901-71AF-45D5-9B87-92929CE2D4AF}"
EndProject
Global
	GlobalSection(SolutionConfigurationPlatforms) = preSolution
		Debug|Any CPU = Debug|Any CPU
		Release|Any CPU = Release|Any CPU
	EndGlobalSection
	GlobalSection(ProjectConfigurationPlatforms) = postSolution
		{FC7E3901-71AF-45D5-9B87-92929CE2D4AF}.Debug|Any CPU.ActiveCfg = Debug|Any CPU
		{FC7E3901-71AF-45D5-9B87-92929CE2D4AF}.Debug|Any CPU.Build.0 = Debug|Any CPU
		{FC7E3901-71AF-45D5-9B87-92929CE2D4AF}.Release|Any CPU.ActiveCfg = Release|Any CPU
		{FC7E3901-71AF-45D5-9B87-92929CE2D4AF}.Release|Any CPU.Build.0 = Release|Any CPU
	EndGlobalSection
	GlobalSection(SolutionProperties) = preSolution
		HideSolutionNode = FALSE
	EndGlobalSection
	GlobalSection(ExtensibilityGlobals) = postSolution
		SolutionGuid = {E32C7ACC-D424-4BD1-A2D4-765172DB7C09}
	EndGlobalSection
EndGlobal
